
Microsoft Visual Studio Solution File, Format Version 12.00
# Visual Studio Version 16
VisualStudioVersion = 16.0.31624.102
MinimumVisualStudioVersion = 10.0.40219.1
Project("{9A19103F-16F7-4668-BE54-9A1E7A4F7556}") = "MyWebApp", "MyWebApp\MyWebApp.csproj", "{969E8AC4-3640-42C7-A67C-F7A13C491AB6}"
EndProject
Project("{9A19103F-16F7-4668-BE54-9A1E7A4F7556}") = "MyWebAssemblyApp.Server", "MyWebAssemblyApp\Server\MyWebAssemblyApp.Server.csproj", "{66259EB5-8A6F-4D93-AFBE-BF4ABB0064D8}"
EndProject
Project("{9A19103F-16F7-4668-BE54-9A1E7A4F7556}") = "MyWebAssemblyApp.Client", "MyWebAssemblyApp\Client\MyWebAssemblyApp.Client.csproj", "{D1613DBA-2C24-44AD-9919-8D8ED77BDB6E}"
EndProject
Project("{9A19103F-16F7-4668-BE54-9A1E7A4F7556}") = "MyWebAssemblyApp.Shared", "MyWebAssemblyApp\Shared\MyWebAssemblyApp.Shared.csproj", "{3A5D6C68-E19A-4B21-956E-4FE56727EBFA}"
EndProject
Global
	GlobalSection(SolutionConfigurationPlatforms) = preSolution
		Debug|Any CPU = Debug|Any CPU
		Release|Any CPU = Release|Any CPU
	EndGlobalSection
	GlobalSection(ProjectConfigurationPlatforms) = postSolution
		{969E8AC4-3640-42C7-A67C-F7A13C491AB6}.Debug|Any CPU.ActiveCfg = Debug|Any CPU
		{969E8AC4-3640-42C7-A67C-F7A13C491AB6}.Debug|Any CPU.Build.0 = Debug|Any CPU
		{969E8AC4-3640-42C7-A67C-F7A13C491AB6}.Release|Any CPU.ActiveCfg = Release|Any CPU
		{969E8AC4-3640-42C7-A67C-F7A13C491AB6}.Release|Any CPU.Build.0 = Release|Any CPU
		{66259EB5-8A6F-4D93-AFBE-BF4ABB0064D8}.Debug|Any CPU.ActiveCfg = Debug|Any CPU
		{66259EB5-8A6F-4D93-AFBE-BF4ABB0064D8}.Debug|Any CPU.Build.0 = Debug|Any CPU
		{66259EB5-8A6F-4D93-AFBE-BF4ABB0064D8}.Release|Any CPU.ActiveCfg = Release|Any CPU
		{66259EB5-8A6F-4D93-AFBE-BF4ABB0064D8}.Release|Any CPU.Build.0 = Release|Any CPU
		{D1613DBA-2C24-44AD-9919-8D8ED77BDB6E}.Debug|Any CPU.ActiveCfg = Debug|Any CPU
		{D1613DBA-2C24-44AD-9919-8D8ED77BDB6E}.Debug|Any CPU.Build.0 = Debug|Any CPU
		{D1613DBA-2C24-44AD-9919-8D8ED77BDB6E}.Release|Any CPU.ActiveCfg = Release|Any CPU
		{D1613DBA-2C24-44AD-9919-8D8ED77BDB6E}.Release|Any CPU.Build.0 = Release|Any CPU
		{3A5D6C68-E19A-4B21-956E-4FE56727EBFA}.Debug|Any CPU.ActiveCfg = Debug|Any CPU
		{3A5D6C68-E19A-4B21-956E-4FE56727EBFA}.Debug|Any CPU.Build.0 = Debug|Any CPU
		{3A5D6C68-E19A-4B21-956E-4FE56727EBFA}.Release|Any CPU.ActiveCfg = Release|Any CPU
		{3A5D6C68-E19A-4B21-956E-4FE56727EBFA}.Release|Any CPU.Build.0 = Release|Any CPU
	EndGlobalSection
	GlobalSection(SolutionProperties) = preSolution
		HideSolutionNode = FALSE
	EndGlobalSection
	GlobalSection(ExtensibilityGlobals) = postSolution
		SolutionGuid = {07C6B923-FA38-4D4E-8756-670C7B75B352}
	EndGlobalSection
EndGlobal
